{
  "requires": true,
  "lockfileVersion": 1,
  "dependencies": {
    "@babel/runtime": {
      "version": "7.5.1",
      "resolved": "https://registry.npmjs.org/@babel/runtime/-/runtime-7.5.1.tgz",
      "integrity": "sha512-g+hmPKs16iewFSmW57NkH9xpPkuYD1RV3UE2BCkXx9j+nhhRb9hsiSxPmEa67j35IecTQdn4iyMtHMbt5VoREg==",
      "requires": {
        "regenerator-runtime": "^0.13.2"
      }
    },
    "@nodelib/fs.scandir": {
      "version": "2.1.1",
      "resolved": "https://registry.npmjs.org/@nodelib/fs.scandir/-/fs.scandir-2.1.1.tgz",
      "integrity": "sha512-NT/skIZjgotDSiXs0WqYhgcuBKhUMgfekCmCGtkUAiLqZdOnrdjmZr9wRl3ll64J9NF79uZ4fk16Dx0yMc/Xbg==",
      "requires": {
        "@nodelib/fs.stat": "2.0.1",
        "run-parallel": "^1.1.9"
      }
    },
    "@nodelib/fs.stat": {
      "version": "2.0.1",
      "resolved": "https://registry.npmjs.org/@nodelib/fs.stat/-/fs.stat-2.0.1.tgz",
      "integrity": "sha512-+RqhBlLn6YRBGOIoVYthsG0J9dfpO79eJyN7BYBkZJtfqrBwf2KK+rD/M/yjZR6WBmIhAgOV7S60eCgaSWtbFw=="
    },
    "@nodelib/fs.walk": {
      "version": "1.2.2",
      "resolved": "https://registry.npmjs.org/@nodelib/fs.walk/-/fs.walk-1.2.2.tgz",
      "integrity": "sha512-J/DR3+W12uCzAJkw7niXDcqcKBg6+5G5Q/ZpThpGNzAUz70eOR6RV4XnnSN01qHZiVl0eavoxJsBypQoKsV2QQ==",
      "requires": {
        "@nodelib/fs.scandir": "2.1.1",
        "fastq": "^1.6.0"
      }
    },
    "@types/node": {
      "version": "12.0.12",
      "resolved": "https://registry.npmjs.org/@types/node/-/node-12.0.12.tgz",
      "integrity": "sha512-Uy0PN4R5vgBUXFoJrKryf5aTk3kJ8Rv3PdlHjl6UaX+Cqp1QE0yPQ68MPXGrZOfG7gZVNDIJZYyot0B9ubXUrQ=="
    },
    "@types/unist": {
      "version": "2.0.3",
      "resolved": "https://registry.npmjs.org/@types/unist/-/unist-2.0.3.tgz",
      "integrity": "sha512-FvUupuM3rlRsRtCN+fDudtmytGO6iHJuuRKS1Ss0pG5z8oX0diNEw94UEL7hgDbpN94rgaK5R7sWm6RrSkZuAQ=="
    },
    "@types/vfile": {
      "version": "3.0.2",
      "resolved": "https://registry.npmjs.org/@types/vfile/-/vfile-3.0.2.tgz",
      "integrity": "sha512-b3nLFGaGkJ9rzOcuXRfHkZMdjsawuDD0ENL9fzTophtBg8FJHSGbH7daXkEpcwy3v7Xol3pAvsmlYyFhR4pqJw==",
      "requires": {
        "@types/node": "*",
        "@types/unist": "*",
        "@types/vfile-message": "*"
      }
    },
    "@types/vfile-message": {
      "version": "1.0.1",
      "resolved": "https://registry.npmjs.org/@types/vfile-message/-/vfile-message-1.0.1.tgz",
      "integrity": "sha512-mlGER3Aqmq7bqR1tTTIVHq8KSAFFRyGbrxuM8C/H82g6k7r2fS+IMEkIu3D7JHzG10NvPdR8DNx0jr0pwpp4dA==",
      "requires": {
        "@types/node": "*",
        "@types/unist": "*"
      }
    },
    "ansi-styles": {
      "version": "3.2.1",
      "resolved": "https://registry.npmjs.org/ansi-styles/-/ansi-styles-3.2.1.tgz",
      "integrity": "sha512-VT0ZI6kZRdTh8YyJw3SMbYm/u+NqfsAxEpWO0Pf9sq8/e94WxxOpPKx9FR1FlyCtOVDNOQ+8ntlqFxiRc+r5qA==",
      "requires": {
        "color-convert": "^1.9.0"
      }
    },
    "bail": {
      "version": "1.0.4",
      "resolved": "https://registry.npmjs.org/bail/-/bail-1.0.4.tgz",
      "integrity": "sha512-S8vuDB4w6YpRhICUDET3guPlQpaJl7od94tpZ0Fvnyp+MKW/HyDTcRDck+29C9g+d/qQHnddRH3+94kZdrW0Ww=="
    },
    "braces": {
      "version": "3.0.2",
      "resolved": "https://registry.npmjs.org/braces/-/braces-3.0.2.tgz",
      "integrity": "sha512-b8um+L1RzM3WDSzvhm6gIz1yfTbBt6YTlcEKAvsmqCZZFw46z626lVj9j1yEPW33H5H+lBQpZMP1k8l+78Ha0A==",
      "requires": {
        "fill-range": "^7.0.1"
      }
    },
    "chalk": {
      "version": "2.4.2",
      "resolved": "https://registry.npmjs.org/chalk/-/chalk-2.4.2.tgz",
      "integrity": "sha512-Mti+f9lpJNcwF4tWV8/OrTTtF1gZi+f8FqlyAdouralcFWFQWF2+NgCHShjkCb+IFBLq9buZwE1xckQU4peSuQ==",
      "requires": {
        "ansi-styles": "^3.2.1",
        "escape-string-regexp": "^1.0.5",
        "supports-color": "^5.3.0"
      }
    },
    "character-entities": {
      "version": "1.2.3",
      "resolved": "https://registry.npmjs.org/character-entities/-/character-entities-1.2.3.tgz",
      "integrity": "sha512-yB4oYSAa9yLcGyTbB4ItFwHw43QHdH129IJ5R+WvxOkWlyFnR5FAaBNnUq4mcxsTVZGh28bHoeTHMKXH1wZf3w=="
    },
    "character-entities-legacy": {
      "version": "1.1.3",
      "resolved": "https://registry.npmjs.org/character-entities-legacy/-/character-entities-legacy-1.1.3.tgz",
      "integrity": "sha512-YAxUpPoPwxYFsslbdKkhrGnXAtXoHNgYjlBM3WMXkWGTl5RsY3QmOyhwAgL8Nxm9l5LBThXGawxKPn68y6/fww=="
    },
    "character-reference-invalid": {
      "version": "1.1.3",
      "resolved": "https://registry.npmjs.org/character-reference-invalid/-/character-reference-invalid-1.1.3.tgz",
      "integrity": "sha512-VOq6PRzQBam/8Jm6XBGk2fNEnHXAdGd6go0rtd4weAGECBamHDwwCQSOT12TACIYUZegUXnV6xBXqUssijtxIg=="
    },
    "collapse-white-space": {
      "version": "1.0.5",
      "resolved": "https://registry.npmjs.org/collapse-white-space/-/collapse-white-space-1.0.5.tgz",
      "integrity": "sha512-703bOOmytCYAX9cXYqoikYIx6twmFCXsnzRQheBcTG3nzKYBR4P/+wkYeH+Mvj7qUz8zZDtdyzbxfnEi/kYzRQ=="
    },
    "color-convert": {
      "version": "1.9.3",
      "resolved": "https://registry.npmjs.org/color-convert/-/color-convert-1.9.3.tgz",
      "integrity": "sha512-QfAUtd+vFdAtFQcC8CCyYt1fYWxSqAiK2cSD6zDB8N3cpsEBAvRxp9zOGg6G/SHHJYAT88/az/IuDGALsNVbGg==",
      "requires": {
        "color-name": "1.1.3"
      }
    },
    "color-name": {
      "version": "1.1.3",
      "resolved": "https://registry.npmjs.org/color-name/-/color-name-1.1.3.tgz",
      "integrity": "sha1-p9BVi9icQveV3UIyj3QIMcpTvCU="
    },
    "commander": {
      "version": "2.20.0",
      "resolved": "https://registry.npmjs.org/commander/-/commander-2.20.0.tgz",
      "integrity": "sha512-7j2y+40w61zy6YC2iRNpUe/NwhNyoXrYpHMrSunaMG64nRnaf96zO/KMQR4OyN/UnE5KLyEBnKHd4aG3rskjpQ=="
    },
    "escape-string-regexp": {
      "version": "1.0.5",
      "resolved": "https://registry.npmjs.org/escape-string-regexp/-/escape-string-regexp-1.0.5.tgz",
      "integrity": "sha1-G2HAViGQqN/2rjuyzwIAyhMLhtQ="
    },
    "extend": {
      "version": "3.0.2",
      "resolved": "https://registry.npmjs.org/extend/-/extend-3.0.2.tgz",
      "integrity": "sha512-fjquC59cD7CyW6urNXK0FBufkZcoiGG80wTuPujX590cB5Ttln20E2UB4S/WARVqhXffZl2LNgS+gQdPIIim/g=="
    },
    "fast-glob": {
      "version": "3.0.4",
      "resolved": "https://registry.npmjs.org/fast-glob/-/fast-glob-3.0.4.tgz",
      "integrity": "sha512-wkIbV6qg37xTJwqSsdnIphL1e+LaGz4AIQqr00mIubMaEhv1/HEmJ0uuCGZRNRUkZZmOB5mJKO0ZUTVq+SxMQg==",
      "requires": {
        "@nodelib/fs.stat": "^2.0.1",
        "@nodelib/fs.walk": "^1.2.1",
        "glob-parent": "^5.0.0",
        "is-glob": "^4.0.1",
        "merge2": "^1.2.3",
        "micromatch": "^4.0.2"
      }
    },
    "fast-levenshtein": {
      "version": "2.0.6",
      "resolved": "https://registry.npmjs.org/fast-levenshtein/-/fast-levenshtein-2.0.6.tgz",
      "integrity": "sha1-PYpcZog6FqMMqGQ+hR8Zuqd5eRc="
    },
    "fastq": {
      "version": "1.6.0",
      "resolved": "https://registry.npmjs.org/fastq/-/fastq-1.6.0.tgz",
      "integrity": "sha512-jmxqQ3Z/nXoeyDmWAzF9kH1aGZSis6e/SbfPmJpUnyZ0ogr6iscHQaml4wsEepEWSdtmpy+eVXmCRIMpxaXqOA==",
      "requires": {
        "reusify": "^1.0.0"
      }
    },
    "fill-range": {
      "version": "7.0.1",
      "resolved": "https://registry.npmjs.org/fill-range/-/fill-range-7.0.1.tgz",
      "integrity": "sha512-qOo9F+dMUmC2Lcb4BbVvnKJxTPjCm+RRpe4gDuGrzkL7mEVl/djYSu2OdQ2Pa302N4oqkSg9ir6jaLWJ2USVpQ==",
      "requires": {
        "to-regex-range": "^5.0.1"
      }
    },
    "fp-ts": {
      "version": "1.19.4",
      "resolved": "https://registry.npmjs.org/fp-ts/-/fp-ts-1.19.4.tgz",
      "integrity": "sha512-/gCyXWxe2ncEeXqKqVUOVRDQvN8UVDfPgRsP2coix8YvVNgaxppRiQQ6wZsEuouL0EQFK0yXrqRgzO/NBowMvA=="
    },
    "glob-parent": {
      "version": "5.0.0",
      "resolved": "https://registry.npmjs.org/glob-parent/-/glob-parent-5.0.0.tgz",
      "integrity": "sha512-Z2RwiujPRGluePM6j699ktJYxmPpJKCfpGA13jz2hmFZC7gKetzrWvg5KN3+OsIFmydGyZ1AVwERCq1w/ZZwRg==",
      "requires": {
        "is-glob": "^4.0.1"
      }
    },
    "has-flag": {
      "version": "3.0.0",
      "resolved": "https://registry.npmjs.org/has-flag/-/has-flag-3.0.0.tgz",
      "integrity": "sha1-tdRU3CGZriJWmfNGfloH87lVuv0="
    },
    "inalz": {
      "version": "0.4.6",
      "resolved": "https://registry.npmjs.org/inalz/-/inalz-0.4.6.tgz",
      "integrity": "sha512-oNSGA11eTS3yf+iMyMexhyo4gCoGOfyBCFpo6qp0Uz1IP5d+A6CodUewR0MrefklTQLXsaNMi/LHbl0HPX01AQ==",
      "requires": {
        "chalk": "^2.4.2",
        "commander": "^2.20.0",
        "fast-glob": "^3.0.1",
        "fast-levenshtein": "^2.0.6",
        "io-ts": "^1.10.2",
        "please-upgrade-node": "^3.1.1",
        "remark-parse": "^6.0.3",
        "unified": "^7.1.0",
        "yaml": "^1.6.0"
      }
    },
    "inherits": {
      "version": "2.0.4",
      "resolved": "https://registry.npmjs.org/inherits/-/inherits-2.0.4.tgz",
      "integrity": "sha512-k/vGaX4/Yla3WzyMCvTQOXYeIHvqOKtnqBduzTHpzpQZzAskKMhZ2K+EnBiSM9zGSoIFeMpXKxa4dYeZIQqewQ=="
    },
    "io-ts": {
      "version": "1.10.4",
      "resolved": "https://registry.npmjs.org/io-ts/-/io-ts-1.10.4.tgz",
      "integrity": "sha512-b23PteSnYXSONJ6JQXRAlvJhuw8KOtkqa87W4wDtvMrud/DTJd5X+NpOOI+O/zZwVq6v0VLAaJ+1EDViKEuN9g==",
      "requires": {
        "fp-ts": "^1.0.0"
      }
    },
    "is-alphabetical": {
      "version": "1.0.3",
      "resolved": "https://registry.npmjs.org/is-alphabetical/-/is-alphabetical-1.0.3.tgz",
      "integrity": "sha512-eEMa6MKpHFzw38eKm56iNNi6GJ7lf6aLLio7Kr23sJPAECscgRtZvOBYybejWDQ2bM949Y++61PY+udzj5QMLA=="
    },
    "is-alphanumerical": {
      "version": "1.0.3",
      "resolved": "https://registry.npmjs.org/is-alphanumerical/-/is-alphanumerical-1.0.3.tgz",
      "integrity": "sha512-A1IGAPO5AW9vSh7omxIlOGwIqEvpW/TA+DksVOPM5ODuxKlZS09+TEM1E3275lJqO2oJ38vDpeAL3DCIiHE6eA==",
      "requires": {
        "is-alphabetical": "^1.0.0",
        "is-decimal": "^1.0.0"
      }
    },
    "is-buffer": {
      "version": "2.0.3",
      "resolved": "https://registry.npmjs.org/is-buffer/-/is-buffer-2.0.3.tgz",
      "integrity": "sha512-U15Q7MXTuZlrbymiz95PJpZxu8IlipAp4dtS3wOdgPXx3mqBnslrWU14kxfHB+Py/+2PVKSr37dMAgM2A4uArw=="
    },
    "is-decimal": {
      "version": "1.0.3",
      "resolved": "https://registry.npmjs.org/is-decimal/-/is-decimal-1.0.3.tgz",
      "integrity": "sha512-bvLSwoDg2q6Gf+E2LEPiklHZxxiSi3XAh4Mav65mKqTfCO1HM3uBs24TjEH8iJX3bbDdLXKJXBTmGzuTUuAEjQ=="
    },
    "is-extglob": {
      "version": "2.1.1",
      "resolved": "https://registry.npmjs.org/is-extglob/-/is-extglob-2.1.1.tgz",
      "integrity": "sha1-qIwCU1eR8C7TfHahueqXc8gz+MI="
    },
    "is-glob": {
      "version": "4.0.1",
      "resolved": "https://registry.npmjs.org/is-glob/-/is-glob-4.0.1.tgz",
      "integrity": "sha512-5G0tKtBTFImOqDnLB2hG6Bp2qcKEFduo4tZu9MT/H6NQv/ghhy30o55ufafxJ/LdH79LLs2Kfrn85TLKyA7BUg==",
      "requires": {
        "is-extglob": "^2.1.1"
      }
    },
    "is-hexadecimal": {
      "version": "1.0.3",
      "resolved": "https://registry.npmjs.org/is-hexadecimal/-/is-hexadecimal-1.0.3.tgz",
      "integrity": "sha512-zxQ9//Q3D/34poZf8fiy3m3XVpbQc7ren15iKqrTtLPwkPD/t3Scy9Imp63FujULGxuK0ZlCwoo5xNpktFgbOA=="
    },
    "is-number": {
      "version": "7.0.0",
      "resolved": "https://registry.npmjs.org/is-number/-/is-number-7.0.0.tgz",
      "integrity": "sha512-41Cifkg6e8TylSpdtTpeLVMqvSBEVzTttHvERD741+pnZ8ANv0004MRL43QKPDlK9cGvNp6NZWZUBlbGXYxxng=="
    },
    "is-plain-obj": {
      "version": "1.1.0",
      "resolved": "https://registry.npmjs.org/is-plain-obj/-/is-plain-obj-1.1.0.tgz",
      "integrity": "sha1-caUMhCnfync8kqOQpKA7OfzVHT4="
    },
    "is-whitespace-character": {
      "version": "1.0.3",
      "resolved": "https://registry.npmjs.org/is-whitespace-character/-/is-whitespace-character-1.0.3.tgz",
      "integrity": "sha512-SNPgMLz9JzPccD3nPctcj8sZlX9DAMJSKH8bP7Z6bohCwuNgX8xbWr1eTAYXX9Vpi/aSn8Y1akL9WgM3t43YNQ=="
    },
    "is-word-character": {
      "version": "1.0.3",
      "resolved": "https://registry.npmjs.org/is-word-character/-/is-word-character-1.0.3.tgz",
      "integrity": "sha512-0wfcrFgOOOBdgRNT9H33xe6Zi6yhX/uoc4U8NBZGeQQB0ctU1dnlNTyL9JM2646bHDTpsDm1Brb3VPoCIMrd/A=="
    },
    "markdown-escapes": {
      "version": "1.0.3",
      "resolved": "https://registry.npmjs.org/markdown-escapes/-/markdown-escapes-1.0.3.tgz",
      "integrity": "sha512-XUi5HJhhV5R74k8/0H2oCbCiYf/u4cO/rX8tnGkRvrqhsr5BRNU6Mg0yt/8UIx1iIS8220BNJsDb7XnILhLepw=="
    },
    "merge2": {
      "version": "1.2.3",
      "resolved": "https://registry.npmjs.org/merge2/-/merge2-1.2.3.tgz",
      "integrity": "sha512-gdUU1Fwj5ep4kplwcmftruWofEFt6lfpkkr3h860CXbAB9c3hGb55EOL2ali0Td5oebvW0E1+3Sr+Ur7XfKpRA=="
    },
    "micromatch": {
      "version": "4.0.2",
      "resolved": "https://registry.npmjs.org/micromatch/-/micromatch-4.0.2.tgz",
      "integrity": "sha512-y7FpHSbMUMoyPbYUSzO6PaZ6FyRnQOpHuKwbo1G+Knck95XVU4QAiKdGEnj5wwoS7PlOgthX/09u5iFJ+aYf5Q==",
      "requires": {
        "braces": "^3.0.1",
        "picomatch": "^2.0.5"
      }
    },
    "parse-entities": {
      "version": "1.2.2",
      "resolved": "https://registry.npmjs.org/parse-entities/-/parse-entities-1.2.2.tgz",
      "integrity": "sha512-NzfpbxW/NPrzZ/yYSoQxyqUZMZXIdCfE0OIN4ESsnptHJECoUk3FZktxNuzQf4tjt5UEopnxpYJbvYuxIFDdsg==",
      "requires": {
        "character-entities": "^1.0.0",
        "character-entities-legacy": "^1.0.0",
        "character-reference-invalid": "^1.0.0",
        "is-alphanumerical": "^1.0.0",
        "is-decimal": "^1.0.0",
        "is-hexadecimal": "^1.0.0"
      }
    },
    "picomatch": {
      "version": "2.0.7",
      "resolved": "https://registry.npmjs.org/picomatch/-/picomatch-2.0.7.tgz",
      "integrity": "sha512-oLHIdio3tZ0qH76NybpeneBhYVj0QFTfXEFTc/B3zKQspYfYYkWYgFsmzo+4kvId/bQRcNkVeguI3y+CD22BtA=="
    },
    "please-upgrade-node": {
      "version": "3.1.1",
      "resolved": "https://registry.npmjs.org/please-upgrade-node/-/please-upgrade-node-3.1.1.tgz",
      "integrity": "sha512-KY1uHnQ2NlQHqIJQpnh/i54rKkuxCEBx+voJIS/Mvb+L2iYd2NMotwduhKTMjfC1uKoX3VXOxLjIYG66dfJTVQ==",
      "requires": {
        "semver-compare": "^1.0.0"
      }
    },
    "regenerator-runtime": {
      "version": "0.13.2",
      "resolved": "https://registry.npmjs.org/regenerator-runtime/-/regenerator-runtime-0.13.2.tgz",
      "integrity": "sha512-S/TQAZJO+D3m9xeN1WTI8dLKBBiRgXBlTJvbWjCThHWZj9EvHK70Ff50/tYj2J/fvBY6JtFVwRuazHN2E7M9BA=="
    },
    "remark-parse": {
      "version": "6.0.3",
      "resolved": "https://registry.npmjs.org/remark-parse/-/remark-parse-6.0.3.tgz",
      "integrity": "sha512-QbDXWN4HfKTUC0hHa4teU463KclLAnwpn/FBn87j9cKYJWWawbiLgMfP2Q4XwhxxuuuOxHlw+pSN0OKuJwyVvg==",
      "requires": {
        "collapse-white-space": "^1.0.2",
        "is-alphabetical": "^1.0.0",
        "is-decimal": "^1.0.0",
        "is-whitespace-character": "^1.0.0",
        "is-word-character": "^1.0.0",
        "markdown-escapes": "^1.0.0",
        "parse-entities": "^1.1.0",
        "repeat-string": "^1.5.4",
        "state-toggle": "^1.0.0",
        "trim": "0.0.1",
        "trim-trailing-lines": "^1.0.0",
        "unherit": "^1.0.4",
        "unist-util-remove-position": "^1.0.0",
        "vfile-location": "^2.0.0",
        "xtend": "^4.0.1"
      }
    },
    "repeat-string": {
      "version": "1.6.1",
      "resolved": "https://registry.npmjs.org/repeat-string/-/repeat-string-1.6.1.tgz",
      "integrity": "sha1-jcrkcOHIirwtYA//Sndihtp15jc="
    },
    "replace-ext": {
      "version": "1.0.0",
      "resolved": "https://registry.npmjs.org/replace-ext/-/replace-ext-1.0.0.tgz",
      "integrity": "sha1-3mMSg3P8v3w8z6TeWkgMRaZ5WOs="
    },
    "reusify": {
      "version": "1.0.4",
      "resolved": "https://registry.npmjs.org/reusify/-/reusify-1.0.4.tgz",
      "integrity": "sha512-U9nH88a3fc/ekCF1l0/UP1IosiuIjyTh7hBvXVMHYgVcfGvt897Xguj2UOLDeI5BG2m7/uwyaLVT6fbtCwTyzw=="
    },
    "run-parallel": {
      "version": "1.1.9",
      "resolved": "https://registry.npmjs.org/run-parallel/-/run-parallel-1.1.9.tgz",
      "integrity": "sha512-DEqnSRTDw/Tc3FXf49zedI638Z9onwUotBMiUFKmrO2sdFKIbXamXGQ3Axd4qgphxKB4kw/qP1w5kTxnfU1B9Q=="
    },
    "semver-compare": {
      "version": "1.0.0",
      "resolved": "https://registry.npmjs.org/semver-compare/-/semver-compare-1.0.0.tgz",
      "integrity": "sha1-De4hahyUGrN+nvsXiPavxf9VN/w="
    },
    "state-toggle": {
      "version": "1.0.2",
      "resolved": "https://registry.npmjs.org/state-toggle/-/state-toggle-1.0.2.tgz",
      "integrity": "sha512-8LpelPGR0qQM4PnfLiplOQNJcIN1/r2Gy0xKB2zKnIW2YzPMt2sR4I/+gtPjhN7Svh9kw+zqEg2SFwpBO9iNiw=="
    },
    "supports-color": {
      "version": "5.5.0",
      "resolved": "https://registry.npmjs.org/supports-color/-/supports-color-5.5.0.tgz",
      "integrity": "sha512-QjVjwdXIt408MIiAqCX4oUKsgU2EqAGzs2Ppkm4aQYbjm+ZEWEcW4SfFNTr4uMNZma0ey4f5lgLrkB0aX0QMow==",
      "requires": {
        "has-flag": "^3.0.0"
      }
    },
    "to-regex-range": {
      "version": "5.0.1",
      "resolved": "https://registry.npmjs.org/to-regex-range/-/to-regex-range-5.0.1.tgz",
      "integrity": "sha512-65P7iz6X5yEr1cwcgvQxbbIw7Uk3gOy5dIdtZ4rDveLqhrdJP+Li/Hx6tyK0NEb+2GCyneCMJiGqrADCSNk8sQ==",
      "requires": {
        "is-number": "^7.0.0"
      }
    },
    "trim": {
      "version": "0.0.1",
      "resolved": "https://registry.npmjs.org/trim/-/trim-0.0.1.tgz",
      "integrity": "sha1-WFhUf2spB1fulczMZm+1AITEYN0="
    },
    "trim-trailing-lines": {
      "version": "1.1.2",
      "resolved": "https://registry.npmjs.org/trim-trailing-lines/-/trim-trailing-lines-1.1.2.tgz",
      "integrity": "sha512-MUjYItdrqqj2zpcHFTkMa9WAv4JHTI6gnRQGPFLrt5L9a6tRMiDnIqYl8JBvu2d2Tc3lWJKQwlGCp0K8AvCM+Q=="
    },
    "trough": {
      "version": "1.0.4",
      "resolved": "https://registry.npmjs.org/trough/-/trough-1.0.4.tgz",
      "integrity": "sha512-tdzBRDGWcI1OpPVmChbdSKhvSVurznZ8X36AYURAcl+0o2ldlCY2XPzyXNNxwJwwyIU+rIglTCG4kxtNKBQH7Q=="
    },
    "unherit": {
      "version": "1.1.2",
      "resolved": "https://registry.npmjs.org/unherit/-/unherit-1.1.2.tgz",
      "integrity": "sha512-W3tMnpaMG7ZY6xe/moK04U9fBhi6wEiCYHUW5Mop/wQHf12+79EQGwxYejNdhEz2mkqkBlGwm7pxmgBKMVUj0w==",
      "requires": {
        "inherits": "^2.0.1",
        "xtend": "^4.0.1"
      }
    },
    "unified": {
      "version": "7.1.0",
      "resolved": "https://registry.npmjs.org/unified/-/unified-7.1.0.tgz",
      "integrity": "sha512-lbk82UOIGuCEsZhPj8rNAkXSDXd6p0QLzIuSsCdxrqnqU56St4eyOB+AlXsVgVeRmetPTYydIuvFfpDIed8mqw==",
      "requires": {
        "@types/unist": "^2.0.0",
        "@types/vfile": "^3.0.0",
        "bail": "^1.0.0",
        "extend": "^3.0.0",
        "is-plain-obj": "^1.1.0",
        "trough": "^1.0.0",
        "vfile": "^3.0.0",
        "x-is-string": "^0.1.0"
      }
    },
    "unist-util-is": {
      "version": "3.0.0",
      "resolved": "https://registry.npmjs.org/unist-util-is/-/unist-util-is-3.0.0.tgz",
      "integrity": "sha512-sVZZX3+kspVNmLWBPAB6r+7D9ZgAFPNWm66f7YNb420RlQSbn+n8rG8dGZSkrER7ZIXGQYNm5pqC3v3HopH24A=="
    },
    "unist-util-remove-position": {
      "version": "1.1.3",
      "resolved": "https://registry.npmjs.org/unist-util-remove-position/-/unist-util-remove-position-1.1.3.tgz",
      "integrity": "sha512-CtszTlOjP2sBGYc2zcKA/CvNdTdEs3ozbiJ63IPBxh8iZg42SCCb8m04f8z2+V1aSk5a7BxbZKEdoDjadmBkWA==",
      "requires": {
        "unist-util-visit": "^1.1.0"
      }
    },
    "unist-util-stringify-position": {
      "version": "1.1.2",
      "resolved": "https://registry.npmjs.org/unist-util-stringify-position/-/unist-util-stringify-position-1.1.2.tgz",
      "integrity": "sha512-pNCVrk64LZv1kElr0N1wPiHEUoXNVFERp+mlTg/s9R5Lwg87f9bM/3sQB99w+N9D/qnM9ar3+AKDBwo/gm/iQQ=="
    },
    "unist-util-visit": {
      "version": "1.4.1",
      "resolved": "https://registry.npmjs.org/unist-util-visit/-/unist-util-visit-1.4.1.tgz",
      "integrity": "sha512-AvGNk7Bb//EmJZyhtRUnNMEpId/AZ5Ph/KUpTI09WHQuDZHKovQ1oEv3mfmKpWKtoMzyMC4GLBm1Zy5k12fjIw==",
      "requires": {
        "unist-util-visit-parents": "^2.0.0"
      }
    },
    "unist-util-visit-parents": {
      "version": "2.1.2",
      "resolved": "https://registry.npmjs.org/unist-util-visit-parents/-/unist-util-visit-parents-2.1.2.tgz",
      "integrity": "sha512-DyN5vD4NE3aSeB+PXYNKxzGsfocxp6asDc2XXE3b0ekO2BaRUpBicbbUygfSvYfUz1IkmjFR1YF7dPklraMZ2g==",
      "requires": {
        "unist-util-is": "^3.0.0"
      }
    },
    "vfile": {
      "version": "3.0.1",
      "resolved": "https://registry.npmjs.org/vfile/-/vfile-3.0.1.tgz",
      "integrity": "sha512-y7Y3gH9BsUSdD4KzHsuMaCzRjglXN0W2EcMf0gpvu6+SbsGhMje7xDc8AEoeXy6mIwCKMI6BkjMsRjzQbhMEjQ==",
      "requires": {
        "is-buffer": "^2.0.0",
        "replace-ext": "1.0.0",
        "unist-util-stringify-position": "^1.0.0",
        "vfile-message": "^1.0.0"
      }
    },
    "vfile-location": {
      "version": "2.0.5",
      "resolved": "https://registry.npmjs.org/vfile-location/-/vfile-location-2.0.5.tgz",
      "integrity": "sha512-Pa1ey0OzYBkLPxPZI3d9E+S4BmvfVwNAAXrrqGbwTVXWaX2p9kM1zZ+n35UtVM06shmWKH4RPRN8KI80qE3wNQ=="
    },
    "vfile-message": {
      "version": "1.1.1",
      "resolved": "https://registry.npmjs.org/vfile-message/-/vfile-message-1.1.1.tgz",
      "integrity": "sha512-1WmsopSGhWt5laNir+633LszXvZ+Z/lxveBf6yhGsqnQIhlhzooZae7zV6YVM1Sdkw68dtAW3ow0pOdPANugvA==",
      "requires": {
        "unist-util-stringify-position": "^1.1.1"
      }
    },
    "x-is-string": {
      "version": "0.1.0",
      "resolved": "https://registry.npmjs.org/x-is-string/-/x-is-string-0.1.0.tgz",
      "integrity": "sha1-R0tQhlrzpJqcRlfwWs0UVFj3fYI="
    },
    "xtend": {
      "version": "4.0.1",
      "resolved": "https://registry.npmjs.org/xtend/-/xtend-4.0.1.tgz",
      "integrity": "sha1-pcbVMr5lbiPbgg77lDofBJmNY68="
    },
    "yaml": {
      "version": "1.6.0",
      "resolved": "https://registry.npmjs.org/yaml/-/yaml-1.6.0.tgz",
      "integrity": "sha512-iZfse3lwrJRoSlfs/9KQ9iIXxs9++RvBFVzAqbbBiFT+giYtyanevreF9r61ZTbGMgWQBxAua3FzJiniiJXWWw==",
      "requires": {
        "@babel/runtime": "^7.4.5"
      }
    }
  }
}
